
Microsoft Visual Studio Solution File, Format Version 12.00
# Visual Studio Version 17
VisualStudioVersion = 17.11.35208.52
MinimumVisualStudioVersion = 10.0.40219.1
Project("{2150E333-8FDC-42A3-9474-1A3956D46DE8}") = "Aspire", "Aspire", "{431C8525-DAA0-4FBF-98BA-E14C0CC502DA}"
EndProject
Project("{9A19103F-16F7-4668-BE54-9A1E7A4F7556}") = "OutboxInboxPattern.AppHost", "src\OutboxInboxPattern.AppHost\OutboxInboxPattern.AppHost.csproj", "{71B14E6A-9F32-4A72-826A-F6A109A143C6}"
EndProject
Project("{9A19103F-16F7-4668-BE54-9A1E7A4F7556}") = "OutboxInboxPattern.ServiceDefaults", "src\OutboxInboxPattern.ServiceDefaults\OutboxInboxPattern.ServiceDefaults.csproj", "{A59B1BF8-F6B5-4FDC-84B8-E1A47A3F7DA4}"
EndProject
Project("{9A19103F-16F7-4668-BE54-9A1E7A4F7556}") = "Inbox.Api", "src\Inbox.Api\Inbox.Api.csproj", "{AA0243F7-F455-4542-BEA2-94B541931BA1}"
EndProject
Project("{9A19103F-16F7-4668-BE54-9A1E7A4F7556}") = "Outbox.Api", "src\Outbox.Api\Outbox.Api.csproj", "{93D80F42-64A4-4579-9764-9C9E8C4AD873}"
EndProject
Project("{9A19103F-16F7-4668-BE54-9A1E7A4F7556}") = "MessageQueue", "src\MessageQueue\MessageQueue.csproj", "{181F49E2-2609-4E02-9718-08309EA0E745}"
EndProject
Project("{2150E333-8FDC-42A3-9474-1A3956D46DE8}") = "Core", "Core", "{FEC8E2F1-CDEB-42A2-96C6-FE3A1DDED76B}"
EndProject
Project("{9A19103F-16F7-4668-BE54-9A1E7A4F7556}") = "Domain", "src\Domain\Domain.csproj", "{EF56B050-8941-48BB-8ACD-45EA618F91CC}"
EndProject
Project("{9A19103F-16F7-4668-BE54-9A1E7A4F7556}") = "Data", "src\Data\Data.csproj", "{CCAE56CB-48F9-40F5-B16C-5DFA6E1547F5}"
EndProject
Project("{FAE04EC0-301F-11D3-BF4B-00C04F79EFBC}") = "Application", "src\Application\Application.csproj", "{1415CB9F-AF2D-441E-84FB-8A86AD7CA04A}"
EndProject
Project("{2150E333-8FDC-42A3-9474-1A3956D46DE8}") = "Presentation", "Presentation", "{3C946AC5-651F-408D-972B-436D67FC32D6}"
EndProject
Project("{2150E333-8FDC-42A3-9474-1A3956D46DE8}") = "Infra", "Infra", "{54208EED-023C-4CC0-AF74-5A476648DBE4}"
EndProject
Global
	GlobalSection(SolutionConfigurationPlatforms) = preSolution
		Debug|Any CPU = Debug|Any CPU
		Release|Any CPU = Release|Any CPU
	EndGlobalSection
	GlobalSection(ProjectConfigurationPlatforms) = postSolution
		{71B14E6A-9F32-4A72-826A-F6A109A143C6}.Debug|Any CPU.ActiveCfg = Debug|Any CPU
		{71B14E6A-9F32-4A72-826A-F6A109A143C6}.Debug|Any CPU.Build.0 = Debug|Any CPU
		{71B14E6A-9F32-4A72-826A-F6A109A143C6}.Release|Any CPU.ActiveCfg = Release|Any CPU
		{71B14E6A-9F32-4A72-826A-F6A109A143C6}.Release|Any CPU.Build.0 = Release|Any CPU
		{A59B1BF8-F6B5-4FDC-84B8-E1A47A3F7DA4}.Debug|Any CPU.ActiveCfg = Debug|Any CPU
		{A59B1BF8-F6B5-4FDC-84B8-E1A47A3F7DA4}.Debug|Any CPU.Build.0 = Debug|Any CPU
		{A59B1BF8-F6B5-4FDC-84B8-E1A47A3F7DA4}.Release|Any CPU.ActiveCfg = Release|Any CPU
		{A59B1BF8-F6B5-4FDC-84B8-E1A47A3F7DA4}.Release|Any CPU.Build.0 = Release|Any CPU
		{AA0243F7-F455-4542-BEA2-94B541931BA1}.Debug|Any CPU.ActiveCfg = Debug|Any CPU
		{AA0243F7-F455-4542-BEA2-94B541931BA1}.Debug|Any CPU.Build.0 = Debug|Any CPU
		{AA0243F7-F455-4542-BEA2-94B541931BA1}.Release|Any CPU.ActiveCfg = Release|Any CPU
		{AA0243F7-F455-4542-BEA2-94B541931BA1}.Release|Any CPU.Build.0 = Release|Any CPU
		{93D80F42-64A4-4579-9764-9C9E8C4AD873}.Debug|Any CPU.ActiveCfg = Debug|Any CPU
		{93D80F42-64A4-4579-9764-9C9E8C4AD873}.Debug|Any CPU.Build.0 = Debug|Any CPU
		{93D80F42-64A4-4579-9764-9C9E8C4AD873}.Release|Any CPU.ActiveCfg = Release|Any CPU
		{93D80F42-64A4-4579-9764-9C9E8C4AD873}.Release|Any CPU.Build.0 = Release|Any CPU
		{181F49E2-2609-4E02-9718-08309EA0E745}.Debug|Any CPU.ActiveCfg = Debug|Any CPU
		{181F49E2-2609-4E02-9718-08309EA0E745}.Debug|Any CPU.Build.0 = Debug|Any CPU
		{181F49E2-2609-4E02-9718-08309EA0E745}.Release|Any CPU.ActiveCfg = Release|Any CPU
		{181F49E2-2609-4E02-9718-08309EA0E745}.Release|Any CPU.Build.0 = Release|Any CPU
		{EF56B050-8941-48BB-8ACD-45EA618F91CC}.Debug|Any CPU.ActiveCfg = Debug|Any CPU
		{EF56B050-8941-48BB-8ACD-45EA618F91CC}.Debug|Any CPU.Build.0 = Debug|Any CPU
		{EF56B050-8941-48BB-8ACD-45EA618F91CC}.Release|Any CPU.ActiveCfg = Release|Any CPU
		{EF56B050-8941-48BB-8ACD-45EA618F91CC}.Release|Any CPU.Build.0 = Release|Any CPU
		{CCAE56CB-48F9-40F5-B16C-5DFA6E1547F5}.Debug|Any CPU.ActiveCfg = Debug|Any CPU
		{CCAE56CB-48F9-40F5-B16C-5DFA6E1547F5}.Debug|Any CPU.Build.0 = Debug|Any CPU
		{CCAE56CB-48F9-40F5-B16C-5DFA6E1547F5}.Release|Any CPU.ActiveCfg = Release|Any CPU
		{CCAE56CB-48F9-40F5-B16C-5DFA6E1547F5}.Release|Any CPU.Build.0 = Release|Any CPU
		{1415CB9F-AF2D-441E-84FB-8A86AD7CA04A}.Debug|Any CPU.ActiveCfg = Debug|Any CPU
		{1415CB9F-AF2D-441E-84FB-8A86AD7CA04A}.Debug|Any CPU.Build.0 = Debug|Any CPU
		{1415CB9F-AF2D-441E-84FB-8A86AD7CA04A}.Release|Any CPU.ActiveCfg = Release|Any CPU
		{1415CB9F-AF2D-441E-84FB-8A86AD7CA04A}.Release|Any CPU.Build.0 = Release|Any CPU
	EndGlobalSection
	GlobalSection(SolutionProperties) = preSolution
		HideSolutionNode = FALSE
	EndGlobalSection
	GlobalSection(NestedProjects) = preSolution
		{71B14E6A-9F32-4A72-826A-F6A109A143C6} = {431C8525-DAA0-4FBF-98BA-E14C0CC502DA}
		{A59B1BF8-F6B5-4FDC-84B8-E1A47A3F7DA4} = {431C8525-DAA0-4FBF-98BA-E14C0CC502DA}
		{AA0243F7-F455-4542-BEA2-94B541931BA1} = {3C946AC5-651F-408D-972B-436D67FC32D6}
		{93D80F42-64A4-4579-9764-9C9E8C4AD873} = {3C946AC5-651F-408D-972B-436D67FC32D6}
		{181F49E2-2609-4E02-9718-08309EA0E745} = {54208EED-023C-4CC0-AF74-5A476648DBE4}
		{EF56B050-8941-48BB-8ACD-45EA618F91CC} = {FEC8E2F1-CDEB-42A2-96C6-FE3A1DDED76B}
		{CCAE56CB-48F9-40F5-B16C-5DFA6E1547F5} = {54208EED-023C-4CC0-AF74-5A476648DBE4}
		{1415CB9F-AF2D-441E-84FB-8A86AD7CA04A} = {FEC8E2F1-CDEB-42A2-96C6-FE3A1DDED76B}
	EndGlobalSection
	GlobalSection(ExtensibilityGlobals) = postSolution
		SolutionGuid = {E0D375C4-1310-4669-A516-31B6893C5945}
	EndGlobalSection
EndGlobal
